
Microsoft Visual Studio Solution File, Format Version 12.00
# Visual Studio Version 17
VisualStudioVersion = 17.9.34728.123
MinimumVisualStudioVersion = 10.0.40219.1
Project("{2150E333-8FDC-42A3-9474-1A3956D46DE8}") = "Produto", "Produto", "{CBA7EAB4-44F7-43B2-A273-77B50D72B3AA}"
EndProject
Project("{2150E333-8FDC-42A3-9474-1A3956D46DE8}") = "Core", "Core", "{C986EC61-72A0-4A76-820E-79CDB764A8D8}"
EndProject
Project("{2150E333-8FDC-42A3-9474-1A3956D46DE8}") = "Consumers", "Consumers", "{AD55D970-98AC-48EE-A81F-5148D742EA08}"
EndProject
Project("{2150E333-8FDC-42A3-9474-1A3956D46DE8}") = "Adapters", "Adapters", "{A7765FF0-F496-4A2F-B11B-8C5F5BD6A8EF}"
EndProject
Project("{9A19103F-16F7-4668-BE54-9A1E7A4F7556}") = "Application", "Produto\Core\Application\Application.csproj", "{4E356103-5D49-4756-812D-971E8226E765}"
EndProject
Project("{2150E333-8FDC-42A3-9474-1A3956D46DE8}") = "Application", "Application", "{3B61435B-7C43-43F9-801C-2A85892B6964}"
EndProject
Project("{2150E333-8FDC-42A3-9474-1A3956D46DE8}") = "Domain", "Domain", "{71ABFE2B-749E-4158-BAD4-85B45028ECCA}"
EndProject
Project("{9A19103F-16F7-4668-BE54-9A1E7A4F7556}") = "Domain", "Produto\Core\Domain\Domain.csproj", "{E7C14E16-A808-4D83-8D0D-2EE1FF19905F}"
EndProject
Project("{9A19103F-16F7-4668-BE54-9A1E7A4F7556}") = "Data", "Produto\Adapters\Data\Data.csproj", "{5A5321A2-2F35-42B5-A90E-54CC36DB0BFA}"
EndProject
Project("{9A19103F-16F7-4668-BE54-9A1E7A4F7556}") = "API", "Produto\Consumers\API\API.csproj", "{829F5CF6-2D28-4D60-96DC-B7B0C8046130}"
EndProject
Global
	GlobalSection(SolutionConfigurationPlatforms) = preSolution
		Debug|Any CPU = Debug|Any CPU
		Release|Any CPU = Release|Any CPU
	EndGlobalSection
	GlobalSection(ProjectConfigurationPlatforms) = postSolution
		{4E356103-5D49-4756-812D-971E8226E765}.Debug|Any CPU.ActiveCfg = Debug|Any CPU
		{4E356103-5D49-4756-812D-971E8226E765}.Debug|Any CPU.Build.0 = Debug|Any CPU
		{4E356103-5D49-4756-812D-971E8226E765}.Release|Any CPU.ActiveCfg = Release|Any CPU
		{4E356103-5D49-4756-812D-971E8226E765}.Release|Any CPU.Build.0 = Release|Any CPU
		{E7C14E16-A808-4D83-8D0D-2EE1FF19905F}.Debug|Any CPU.ActiveCfg = Debug|Any CPU
		{E7C14E16-A808-4D83-8D0D-2EE1FF19905F}.Debug|Any CPU.Build.0 = Debug|Any CPU
		{E7C14E16-A808-4D83-8D0D-2EE1FF19905F}.Release|Any CPU.ActiveCfg = Release|Any CPU
		{E7C14E16-A808-4D83-8D0D-2EE1FF19905F}.Release|Any CPU.Build.0 = Release|Any CPU
		{5A5321A2-2F35-42B5-A90E-54CC36DB0BFA}.Debug|Any CPU.ActiveCfg = Debug|Any CPU
		{5A5321A2-2F35-42B5-A90E-54CC36DB0BFA}.Debug|Any CPU.Build.0 = Debug|Any CPU
		{5A5321A2-2F35-42B5-A90E-54CC36DB0BFA}.Release|Any CPU.ActiveCfg = Release|Any CPU
		{5A5321A2-2F35-42B5-A90E-54CC36DB0BFA}.Release|Any CPU.Build.0 = Release|Any CPU
		{829F5CF6-2D28-4D60-96DC-B7B0C8046130}.Debug|Any CPU.ActiveCfg = Debug|Any CPU
		{829F5CF6-2D28-4D60-96DC-B7B0C8046130}.Debug|Any CPU.Build.0 = Debug|Any CPU
		{829F5CF6-2D28-4D60-96DC-B7B0C8046130}.Release|Any CPU.ActiveCfg = Release|Any CPU
		{829F5CF6-2D28-4D60-96DC-B7B0C8046130}.Release|Any CPU.Build.0 = Release|Any CPU
	EndGlobalSection
	GlobalSection(SolutionProperties) = preSolution
		HideSolutionNode = FALSE
	EndGlobalSection
	GlobalSection(NestedProjects) = preSolution
		{C986EC61-72A0-4A76-820E-79CDB764A8D8} = {CBA7EAB4-44F7-43B2-A273-77B50D72B3AA}
		{AD55D970-98AC-48EE-A81F-5148D742EA08} = {CBA7EAB4-44F7-43B2-A273-77B50D72B3AA}
		{A7765FF0-F496-4A2F-B11B-8C5F5BD6A8EF} = {CBA7EAB4-44F7-43B2-A273-77B50D72B3AA}
		{4E356103-5D49-4756-812D-971E8226E765} = {3B61435B-7C43-43F9-801C-2A85892B6964}
		{3B61435B-7C43-43F9-801C-2A85892B6964} = {C986EC61-72A0-4A76-820E-79CDB764A8D8}
		{71ABFE2B-749E-4158-BAD4-85B45028ECCA} = {C986EC61-72A0-4A76-820E-79CDB764A8D8}
		{E7C14E16-A808-4D83-8D0D-2EE1FF19905F} = {71ABFE2B-749E-4158-BAD4-85B45028ECCA}
		{5A5321A2-2F35-42B5-A90E-54CC36DB0BFA} = {A7765FF0-F496-4A2F-B11B-8C5F5BD6A8EF}
		{829F5CF6-2D28-4D60-96DC-B7B0C8046130} = {AD55D970-98AC-48EE-A81F-5148D742EA08}
	EndGlobalSection
	GlobalSection(ExtensibilityGlobals) = postSolution
		SolutionGuid = {C97F69F4-CD38-4313-A118-294604F95D0F}
	EndGlobalSection
EndGlobal
